
Microsoft Visual Studio Solution File, Format Version 12.00
# Visual Studio Version 17
VisualStudioVersion = 17.13.35806.99 d17.13
MinimumVisualStudioVersion = 10.0.40219.1
Project("{FAE04EC0-301F-11D3-BF4B-00C04F79EFBC}") = "TestA", "TestA\TestA.csproj", "{C2C91591-DFD8-4E8F-8097-F89161E2D349}"
EndProject
Global
	GlobalSection(SolutionConfigurationPlatforms) = preSolution
		Debug|Any CPU = Debug|Any CPU
		Release|Any CPU = Release|Any CPU
	EndGlobalSection
	GlobalSection(ProjectConfigurationPlatforms) = postSolution
		{C2C91591-DFD8-4E8F-8097-F89161E2D349}.Debug|Any CPU.ActiveCfg = Debug|Any CPU
		{C2C91591-DFD8-4E8F-8097-F89161E2D349}.Debug|Any CPU.Build.0 = Debug|Any CPU
		{C2C91591-DFD8-4E8F-8097-F89161E2D349}.Release|Any CPU.ActiveCfg = Release|Any CPU
		{C2C91591-DFD8-4E8F-8097-F89161E2D349}.Release|Any CPU.Build.0 = Release|Any CPU
	EndGlobalSection
	GlobalSection(SolutionProperties) = preSolution
		HideSolutionNode = FALSE
	EndGlobalSection
	GlobalSection(ExtensibilityGlobals) = postSolution
		SolutionGuid = {3975E9D9-ABEF-4380-B627-D272E51DBFFF}
	EndGlobalSection
EndGlobal
